
Microsoft Visual Studio Solution File, Format Version 12.00
# Visual Studio 2013
VisualStudioVersion = 12.0.21005.1
MinimumVisualStudioVersion = 10.0.40219.1
Project("{FAE04EC0-301F-11D3-BF4B-00C04F79EFBC}") = "FoxOne.Web", "FoxOne.Web\FoxOne.Web.csproj", "{F23C4E43-255E-4F50-AF82-C061E6A9C02C}"
EndProject
Project("{FAE04EC0-301F-11D3-BF4B-00C04F79EFBC}") = "FoxOne.Core", "FoxOne.Core\FoxOne.Core.csproj", "{B6E846A3-AF47-4AD5-BB01-F2A2D44540F2}"
EndProject
Project("{FAE04EC0-301F-11D3-BF4B-00C04F79EFBC}") = "FoxOne.Data", "FoxOne.Data\FoxOne.Data.csproj", "{660C02D0-1C07-465D-AB57-DA1ABC84B1D7}"
EndProject
Project("{FAE04EC0-301F-11D3-BF4B-00C04F79EFBC}") = "FoxOne.Controls", "FoxOne.Controls\FoxOne.Controls.csproj", "{668D86B6-DE7F-4EBE-9478-2F5FFEC68E5F}"
EndProject
Project("{FAE04EC0-301F-11D3-BF4B-00C04F79EFBC}") = "FoxOne.Business", "FoxOne.Business\FoxOne.Business.csproj", "{DA8A9090-8E89-4400-9426-DC59527E8933}"
EndProject
Global
	GlobalSection(SolutionConfigurationPlatforms) = preSolution
		Debug|Any CPU = Debug|Any CPU
		Release|Any CPU = Release|Any CPU
	EndGlobalSection
	GlobalSection(ProjectConfigurationPlatforms) = postSolution
		{F23C4E43-255E-4F50-AF82-C061E6A9C02C}.Debug|Any CPU.ActiveCfg = Debug|Any CPU
		{F23C4E43-255E-4F50-AF82-C061E6A9C02C}.Debug|Any CPU.Build.0 = Debug|Any CPU
		{F23C4E43-255E-4F50-AF82-C061E6A9C02C}.Release|Any CPU.ActiveCfg = Release|Any CPU
		{F23C4E43-255E-4F50-AF82-C061E6A9C02C}.Release|Any CPU.Build.0 = Release|Any CPU
		{B6E846A3-AF47-4AD5-BB01-F2A2D44540F2}.Debug|Any CPU.ActiveCfg = Debug|Any CPU
		{B6E846A3-AF47-4AD5-BB01-F2A2D44540F2}.Debug|Any CPU.Build.0 = Debug|Any CPU
		{B6E846A3-AF47-4AD5-BB01-F2A2D44540F2}.Release|Any CPU.ActiveCfg = Release|Any CPU
		{B6E846A3-AF47-4AD5-BB01-F2A2D44540F2}.Release|Any CPU.Build.0 = Release|Any CPU
		{660C02D0-1C07-465D-AB57-DA1ABC84B1D7}.Debug|Any CPU.ActiveCfg = Debug|Any CPU
		{660C02D0-1C07-465D-AB57-DA1ABC84B1D7}.Debug|Any CPU.Build.0 = Debug|Any CPU
		{660C02D0-1C07-465D-AB57-DA1ABC84B1D7}.Release|Any CPU.ActiveCfg = Release|Any CPU
		{660C02D0-1C07-465D-AB57-DA1ABC84B1D7}.Release|Any CPU.Build.0 = Release|Any CPU
		{668D86B6-DE7F-4EBE-9478-2F5FFEC68E5F}.Debug|Any CPU.ActiveCfg = Debug|Any CPU
		{668D86B6-DE7F-4EBE-9478-2F5FFEC68E5F}.Debug|Any CPU.Build.0 = Debug|Any CPU
		{668D86B6-DE7F-4EBE-9478-2F5FFEC68E5F}.Release|Any CPU.ActiveCfg = Release|Any CPU
		{668D86B6-DE7F-4EBE-9478-2F5FFEC68E5F}.Release|Any CPU.Build.0 = Release|Any CPU
		{DA8A9090-8E89-4400-9426-DC59527E8933}.Debug|Any CPU.ActiveCfg = Debug|Any CPU
		{DA8A9090-8E89-4400-9426-DC59527E8933}.Debug|Any CPU.Build.0 = Debug|Any CPU
		{DA8A9090-8E89-4400-9426-DC59527E8933}.Release|Any CPU.ActiveCfg = Release|Any CPU
		{DA8A9090-8E89-4400-9426-DC59527E8933}.Release|Any CPU.Build.0 = Release|Any CPU
	EndGlobalSection
	GlobalSection(SolutionProperties) = preSolution
		HideSolutionNode = FALSE
	EndGlobalSection
EndGlobal
